// !$*UTF8*$!
{
	archiveVersion = 1;
	classes = {
	};
	objectVersion = 48;
	objects = {

/* Begin PBXBuildFile section */
		53B7A153F572673161DEF1C8 /* Pods_Smack.framework in Frameworks */ = {isa = PBXBuildFile; fileRef = 8D66844406FB42EB4E4CF05C /* Pods_Smack.framework */; };
		9F15E3E01FC8F75D007F23EA /* CircleImage.swift in Sources */ = {isa = PBXBuildFile; fileRef = 9F15E3DF1FC8F75D007F23EA /* CircleImage.swift */; };
		9F34E66E1FC5EBBA00838DC5 /* AppDelegate.swift in Sources */ = {isa = PBXBuildFile; fileRef = 9F34E66D1FC5EBBA00838DC5 /* AppDelegate.swift */; };
		9F34E6731FC5EBBA00838DC5 /* Main.storyboard in Resources */ = {isa = PBXBuildFile; fileRef = 9F34E6711FC5EBBA00838DC5 /* Main.storyboard */; };
		9F34E6751FC5EBBA00838DC5 /* Assets.xcassets in Resources */ = {isa = PBXBuildFile; fileRef = 9F34E6741FC5EBBA00838DC5 /* Assets.xcassets */; };
		9F34E6781FC5EBBA00838DC5 /* LaunchScreen.storyboard in Resources */ = {isa = PBXBuildFile; fileRef = 9F34E6761FC5EBBA00838DC5 /* LaunchScreen.storyboard */; };
		9F4494711FC643A000050096 /* LoginVC.swift in Sources */ = {isa = PBXBuildFile; fileRef = 9F4494701FC643A000050096 /* LoginVC.swift */; };
		9F4494731FC6453200050096 /* createAccountVC.swift in Sources */ = {isa = PBXBuildFile; fileRef = 9F4494721FC6453200050096 /* createAccountVC.swift */; };
		9F5C0B2A1FC7665A001432BE /* AuthService.swift in Sources */ = {isa = PBXBuildFile; fileRef = 9F5C0B291FC7665A001432BE /* AuthService.swift */; };
		9F5C0B2C1FC76F39001432BE /* RoundedBtn.swift in Sources */ = {isa = PBXBuildFile; fileRef = 9F5C0B2B1FC76F39001432BE /* RoundedBtn.swift */; };
		9F5C0B301FC77A58001432BE /* UserDataService.swift in Sources */ = {isa = PBXBuildFile; fileRef = 9F5C0B2F1FC77A58001432BE /* UserDataService.swift */; };
		9F5C0B321FC78A53001432BE /* AvatarPickerVC.swift in Sources */ = {isa = PBXBuildFile; fileRef = 9F5C0B311FC78A53001432BE /* AvatarPickerVC.swift */; };
		9F5C0B341FC78C98001432BE /* avatarCell.swift in Sources */ = {isa = PBXBuildFile; fileRef = 9F5C0B331FC78C98001432BE /* avatarCell.swift */; };
		9FFC6ECD1FC60A62000BAF25 /* SWRevealViewController.m in Sources */ = {isa = PBXBuildFile; fileRef = 9FFC6ECC1FC60A62000BAF25 /* SWRevealViewController.m */; };
		9FFC6ED21FC61097000BAF25 /* ChatVC.swift in Sources */ = {isa = PBXBuildFile; fileRef = 9FFC6ED11FC61097000BAF25 /* ChatVC.swift */; };
		9FFC6ED41FC610A8000BAF25 /* ChannelVC.swift in Sources */ = {isa = PBXBuildFile; fileRef = 9FFC6ED31FC610A8000BAF25 /* ChannelVC.swift */; };
		9FFC6ED61FC6174E000BAF25 /* GradientView.swift in Sources */ = {isa = PBXBuildFile; fileRef = 9FFC6ED51FC6174E000BAF25 /* GradientView.swift */; };
		9FFC6ED91FC62C91000BAF25 /* Constants.swift in Sources */ = {isa = PBXBuildFile; fileRef = 9FFC6ED81FC62C91000BAF25 /* Constants.swift */; };
		9FFFA17A1FC9DC1900B29F4E /* ProfileVC.swift in Sources */ = {isa = PBXBuildFile; fileRef = 9FFFA1781FC9DC1900B29F4E /* ProfileVC.swift */; };
		9FFFA17B1FC9DC1900B29F4E /* ProfileVC.xib in Resources */ = {isa = PBXBuildFile; fileRef = 9FFFA1791FC9DC1900B29F4E /* ProfileVC.xib */; };
/* End PBXBuildFile section */

/* Begin PBXFileReference section */
		8D66844406FB42EB4E4CF05C /* Pods_Smack.framework */ = {isa = PBXFileReference; explicitFileType = wrapper.framework; includeInIndex = 0; path = Pods_Smack.framework; sourceTree = BUILT_PRODUCTS_DIR; };
		9F15E3DF1FC8F75D007F23EA /* CircleImage.swift */ = {isa = PBXFileReference; lastKnownFileType = sourcecode.swift; path = CircleImage.swift; sourceTree = "<group>"; };
		9F34E66A1FC5EBBA00838DC5 /* Smack.app */ = {isa = PBXFileReference; explicitFileType = wrapper.application; includeInIndex = 0; path = Smack.app; sourceTree = BUILT_PRODUCTS_DIR; };
		9F34E66D1FC5EBBA00838DC5 /* AppDelegate.swift */ = {isa = PBXFileReference; lastKnownFileType = sourcecode.swift; path = AppDelegate.swift; sourceTree = "<group>"; };
		9F34E6721FC5EBBA00838DC5 /* Base */ = {isa = PBXFileReference; lastKnownFileType = file.storyboard; name = Base; path = Base.lproj/Main.storyboard; sourceTree = "<group>"; };
		9F34E6741FC5EBBA00838DC5 /* Assets.xcassets */ = {isa = PBXFileReference; lastKnownFileType = folder.assetcatalog; path = Assets.xcassets; sourceTree = "<group>"; };
		9F34E6771FC5EBBA00838DC5 /* Base */ = {isa = PBXFileReference; lastKnownFileType = file.storyboard; name = Base; path = Base.lproj/LaunchScreen.storyboard; sourceTree = "<group>"; };
		9F34E6791FC5EBBA00838DC5 /* Info.plist */ = {isa = PBXFileReference; lastKnownFileType = text.plist.xml; path = Info.plist; sourceTree = "<group>"; };
		9F4494701FC643A000050096 /* LoginVC.swift */ = {isa = PBXFileReference; lastKnownFileType = sourcecode.swift; path = LoginVC.swift; sourceTree = "<group>"; };
		9F4494721FC6453200050096 /* createAccountVC.swift */ = {isa = PBXFileReference; lastKnownFileType = sourcecode.swift; path = createAccountVC.swift; sourceTree = "<group>"; };
		9F5C0B291FC7665A001432BE /* AuthService.swift */ = {isa = PBXFileReference; lastKnownFileType = sourcecode.swift; path = AuthService.swift; sourceTree = "<group>"; };
		9F5C0B2B1FC76F39001432BE /* RoundedBtn.swift */ = {isa = PBXFileReference; lastKnownFileType = sourcecode.swift; path = RoundedBtn.swift; sourceTree = "<group>"; };
		9F5C0B2F1FC77A58001432BE /* UserDataService.swift */ = {isa = PBXFileReference; lastKnownFileType = sourcecode.swift; path = UserDataService.swift; sourceTree = "<group>"; };
		9F5C0B311FC78A53001432BE /* AvatarPickerVC.swift */ = {isa = PBXFileReference; lastKnownFileType = sourcecode.swift; path = AvatarPickerVC.swift; sourceTree = "<group>"; };
		9F5C0B331FC78C98001432BE /* avatarCell.swift */ = {isa = PBXFileReference; lastKnownFileType = sourcecode.swift; path = avatarCell.swift; sourceTree = "<group>"; };
		9FFC6ECA1FC60A60000BAF25 /* Smack-Bridging-Header.h */ = {isa = PBXFileReference; lastKnownFileType = sourcecode.c.h; path = "Smack-Bridging-Header.h"; sourceTree = "<group>"; };
		9FFC6ECB1FC60A61000BAF25 /* SWRevealViewController.h */ = {isa = PBXFileReference; fileEncoding = 4; lastKnownFileType = sourcecode.c.h; path = SWRevealViewController.h; sourceTree = "<group>"; };
		9FFC6ECC1FC60A62000BAF25 /* SWRevealViewController.m */ = {isa = PBXFileReference; fileEncoding = 4; lastKnownFileType = sourcecode.c.objc; path = SWRevealViewController.m; sourceTree = "<group>"; };
		9FFC6ED11FC61097000BAF25 /* ChatVC.swift */ = {isa = PBXFileReference; lastKnownFileType = sourcecode.swift; path = ChatVC.swift; sourceTree = "<group>"; };
		9FFC6ED31FC610A8000BAF25 /* ChannelVC.swift */ = {isa = PBXFileReference; lastKnownFileType = sourcecode.swift; path = ChannelVC.swift; sourceTree = "<group>"; };
		9FFC6ED51FC6174E000BAF25 /* GradientView.swift */ = {isa = PBXFileReference; lastKnownFileType = sourcecode.swift; path = GradientView.swift; sourceTree = "<group>"; };
		9FFC6ED81FC62C91000BAF25 /* Constants.swift */ = {isa = PBXFileReference; lastKnownFileType = sourcecode.swift; path = Constants.swift; sourceTree = "<group>"; };
		9FFFA1781FC9DC1900B29F4E /* ProfileVC.swift */ = {isa = PBXFileReference; lastKnownFileType = sourcecode.swift; path = ProfileVC.swift; sourceTree = "<group>"; };
		9FFFA1791FC9DC1900B29F4E /* ProfileVC.xib */ = {isa = PBXFileReference; lastKnownFileType = file.xib; path = ProfileVC.xib; sourceTree = "<group>"; };
		B69F79F4D100E4B79298265C /* Pods-Smack.debug.xcconfig */ = {isa = PBXFileReference; includeInIndex = 1; lastKnownFileType = text.xcconfig; name = "Pods-Smack.debug.xcconfig"; path = "Pods/Target Support Files/Pods-Smack/Pods-Smack.debug.xcconfig"; sourceTree = "<group>"; };
		C9299C61C03C20BE1A3F3124 /* Pods-Smack.release.xcconfig */ = {isa = PBXFileReference; includeInIndex = 1; lastKnownFileType = text.xcconfig; name = "Pods-Smack.release.xcconfig"; path = "Pods/Target Support Files/Pods-Smack/Pods-Smack.release.xcconfig"; sourceTree = "<group>"; };
/* End PBXFileReference section */

/* Begin PBXFrameworksBuildPhase section */
		9F34E6671FC5EBBA00838DC5 /* Frameworks */ = {
			isa = PBXFrameworksBuildPhase;
			buildActionMask = 2147483647;
			files = (
				53B7A153F572673161DEF1C8 /* Pods_Smack.framework in Frameworks */,
			);
			runOnlyForDeploymentPostprocessing = 0;
		};
/* End PBXFrameworksBuildPhase section */

/* Begin PBXGroup section */
		7FEBE752B4A7E8DAD8F155CF /* Pods */ = {
			isa = PBXGroup;
			children = (
				B69F79F4D100E4B79298265C /* Pods-Smack.debug.xcconfig */,
				C9299C61C03C20BE1A3F3124 /* Pods-Smack.release.xcconfig */,
			);
			name = Pods;
			sourceTree = "<group>";
		};
		9F34E6611FC5EBBA00838DC5 = {
			isa = PBXGroup;
			children = (
				9F34E66C1FC5EBBA00838DC5 /* Smack */,
				9F34E66B1FC5EBBA00838DC5 /* Products */,
				7FEBE752B4A7E8DAD8F155CF /* Pods */,
				D6C710FEF782CDA244587FCA /* Frameworks */,
			);
			sourceTree = "<group>";
		};
		9F34E66B1FC5EBBA00838DC5 /* Products */ = {
			isa = PBXGroup;
			children = (
				9F34E66A1FC5EBBA00838DC5 /* Smack.app */,
			);
			name = Products;
			sourceTree = "<group>";
		};
		9F34E66C1FC5EBBA00838DC5 /* Smack */ = {
			isa = PBXGroup;
			children = (
				9FFC6ED71FC62C5C000BAF25 /* Util */,
				9FFC6EC91FC609A7000BAF25 /* Supporting Files */,
				9FFC6ECE1FC61059000BAF25 /* Model */,
				9FFC6ECF1FC6105E000BAF25 /* View */,
				9FFC6ED01FC61062000BAF25 /* Controller */,
				9FFFA17C1FC9DC2400B29F4E /* XiB */,
				9F34E66D1FC5EBBA00838DC5 /* AppDelegate.swift */,
				9F34E6711FC5EBBA00838DC5 /* Main.storyboard */,
				9F34E6741FC5EBBA00838DC5 /* Assets.xcassets */,
				9F34E6761FC5EBBA00838DC5 /* LaunchScreen.storyboard */,
				9F34E6791FC5EBBA00838DC5 /* Info.plist */,
			);
			path = Smack;
			sourceTree = "<group>";
		};
		9FFC6EC91FC609A7000BAF25 /* Supporting Files */ = {
			isa = PBXGroup;
			children = (
				9FFC6ECB1FC60A61000BAF25 /* SWRevealViewController.h */,
				9FFC6ECC1FC60A62000BAF25 /* SWRevealViewController.m */,
				9FFC6ECA1FC60A60000BAF25 /* Smack-Bridging-Header.h */,
			);
			path = "Supporting Files";
			sourceTree = "<group>";
		};
		9FFC6ECE1FC61059000BAF25 /* Model */ = {
			isa = PBXGroup;
			children = (
			);
			path = Model;
			sourceTree = "<group>";
		};
		9FFC6ECF1FC6105E000BAF25 /* View */ = {
			isa = PBXGroup;
			children = (
				9FFC6ED51FC6174E000BAF25 /* GradientView.swift */,
				9F5C0B2B1FC76F39001432BE /* RoundedBtn.swift */,
				9F5C0B331FC78C98001432BE /* avatarCell.swift */,
				9F15E3DF1FC8F75D007F23EA /* CircleImage.swift */,
			);
			path = View;
			sourceTree = "<group>";
		};
		9FFC6ED01FC61062000BAF25 /* Controller */ = {
			isa = PBXGroup;
			children = (
				9FFC6ED11FC61097000BAF25 /* ChatVC.swift */,
				9FFC6ED31FC610A8000BAF25 /* ChannelVC.swift */,
				9F4494701FC643A000050096 /* LoginVC.swift */,
				9F4494721FC6453200050096 /* createAccountVC.swift */,
				9F5C0B311FC78A53001432BE /* AvatarPickerVC.swift */,
				9FFFA1781FC9DC1900B29F4E /* ProfileVC.swift */,
			);
			path = Controller;
			sourceTree = "<group>";
		};
		9FFC6ED71FC62C5C000BAF25 /* Util */ = {
			isa = PBXGroup;
			children = (
				9FFC6ED81FC62C91000BAF25 /* Constants.swift */,
				9F5C0B291FC7665A001432BE /* AuthService.swift */,
				9F5C0B2F1FC77A58001432BE /* UserDataService.swift */,
			);
			path = Util;
			sourceTree = "<group>";
		};
		9FFFA17C1FC9DC2400B29F4E /* XiB */ = {
			isa = PBXGroup;
			children = (
				9FFFA1791FC9DC1900B29F4E /* ProfileVC.xib */,
			);
			path = XiB;
			sourceTree = "<group>";
		};
		D6C710FEF782CDA244587FCA /* Frameworks */ = {
			isa = PBXGroup;
			children = (
				8D66844406FB42EB4E4CF05C /* Pods_Smack.framework */,
			);
			name = Frameworks;
			sourceTree = "<group>";
		};
/* End PBXGroup section */

/* Begin PBXNativeTarget section */
		9F34E6691FC5EBBA00838DC5 /* Smack */ = {
			isa = PBXNativeTarget;
			buildConfigurationList = 9F34E67C1FC5EBBA00838DC5 /* Build configuration list for PBXNativeTarget "Smack" */;
			buildPhases = (
				E78E256CA80018DC81B0AB4E /* [CP] Check Pods Manifest.lock */,
				9F34E6661FC5EBBA00838DC5 /* Sources */,
				9F34E6671FC5EBBA00838DC5 /* Frameworks */,
				9F34E6681FC5EBBA00838DC5 /* Resources */,
				C8E9E9E7A01F5B4DC5B34F5D /* [CP] Embed Pods Frameworks */,
				E2BD8F5350F1431154C331C8 /* [CP] Copy Pods Resources */,
			);
			buildRules = (
			);
			dependencies = (
			);
			name = Smack;
			productName = Smack;
			productReference = 9F34E66A1FC5EBBA00838DC5 /* Smack.app */;
			productType = "com.apple.product-type.application";
		};
/* End PBXNativeTarget section */

/* Begin PBXProject section */
		9F34E6621FC5EBBA00838DC5 /* Project object */ = {
			isa = PBXProject;
			attributes = {
				LastSwiftUpdateCheck = 0910;
				LastUpgradeCheck = 0910;
				ORGANIZATIONNAME = Microbob;
				TargetAttributes = {
					9F34E6691FC5EBBA00838DC5 = {
						CreatedOnToolsVersion = 9.1;
						LastSwiftMigration = 0910;
						ProvisioningStyle = Automatic;
					};
				};
			};
			buildConfigurationList = 9F34E6651FC5EBBA00838DC5 /* Build configuration list for PBXProject "Smack" */;
			compatibilityVersion = "Xcode 8.0";
			developmentRegion = en;
			hasScannedForEncodings = 0;
			knownRegions = (
				en,
				Base,
			);
			mainGroup = 9F34E6611FC5EBBA00838DC5;
			productRefGroup = 9F34E66B1FC5EBBA00838DC5 /* Products */;
			projectDirPath = "";
			projectRoot = "";
			targets = (
				9F34E6691FC5EBBA00838DC5 /* Smack */,
			);
		};
/* End PBXProject section */

/* Begin PBXResourcesBuildPhase section */
		9F34E6681FC5EBBA00838DC5 /* Resources */ = {
			isa = PBXResourcesBuildPhase;
			buildActionMask = 2147483647;
			files = (
				9FFFA17B1FC9DC1900B29F4E /* ProfileVC.xib in Resources */,
				9F34E6781FC5EBBA00838DC5 /* LaunchScreen.storyboard in Resources */,
				9F34E6751FC5EBBA00838DC5 /* Assets.xcassets in Resources */,
				9F34E6731FC5EBBA00838DC5 /* Main.storyboard in Resources */,
			);
			runOnlyForDeploymentPostprocessing = 0;
		};
/* End PBXResourcesBuildPhase section */

/* Begin PBXShellScriptBuildPhase section */
		C8E9E9E7A01F5B4DC5B34F5D /* [CP] Embed Pods Frameworks */ = {
			isa = PBXShellScriptBuildPhase;
			buildActionMask = 2147483647;
			files = (
			);
			inputPaths = (
			);
			name = "[CP] Embed Pods Frameworks";
			outputPaths = (
			);
			runOnlyForDeploymentPostprocessing = 0;
			shellPath = /bin/sh;
			shellScript = "\"${SRCROOT}/Pods/Target Support Files/Pods-Smack/Pods-Smack-frameworks.sh\"\n";
			showEnvVarsInLog = 0;
		};
		E2BD8F5350F1431154C331C8 /* [CP] Copy Pods Resources */ = {
			isa = PBXShellScriptBuildPhase;
			buildActionMask = 2147483647;
			files = (
			);
			inputPaths = (
			);
			name = "[CP] Copy Pods Resources";
			outputPaths = (
			);
			runOnlyForDeploymentPostprocessing = 0;
			shellPath = /bin/sh;
			shellScript = "\"${SRCROOT}/Pods/Target Support Files/Pods-Smack/Pods-Smack-resources.sh\"\n";
			showEnvVarsInLog = 0;
		};
		E78E256CA80018DC81B0AB4E /* [CP] Check Pods Manifest.lock */ = {
			isa = PBXShellScriptBuildPhase;
			buildActionMask = 2147483647;
			files = (
			);
			inputPaths = (
			);
			name = "[CP] Check Pods Manifest.lock";
			outputPaths = (
			);
			runOnlyForDeploymentPostprocessing = 0;
			shellPath = /bin/sh;
			shellScript = "diff \"${PODS_ROOT}/../Podfile.lock\" \"${PODS_ROOT}/Manifest.lock\" > /dev/null\nif [ $? != 0 ] ; then\n    # print error to STDERR\n    echo \"error: The sandbox is not in sync with the Podfile.lock. Run 'pod install' or update your CocoaPods installation.\" >&2\n    exit 1\nfi\n";
			showEnvVarsInLog = 0;
		};
/* End PBXShellScriptBuildPhase section */

/* Begin PBXSourcesBuildPhase section */
		9F34E6661FC5EBBA00838DC5 /* Sources */ = {
			isa = PBXSourcesBuildPhase;
			buildActionMask = 2147483647;
			files = (
				9FFFA17A1FC9DC1900B29F4E /* ProfileVC.swift in Sources */,
				9FFC6ED41FC610A8000BAF25 /* ChannelVC.swift in Sources */,
				9F5C0B321FC78A53001432BE /* AvatarPickerVC.swift in Sources */,
				9FFC6ED21FC61097000BAF25 /* ChatVC.swift in Sources */,
				9F15E3E01FC8F75D007F23EA /* CircleImage.swift in Sources */,
				9F5C0B2C1FC76F39001432BE /* RoundedBtn.swift in Sources */,
				9F5C0B301FC77A58001432BE /* UserDataService.swift in Sources */,
				9F4494731FC6453200050096 /* createAccountVC.swift in Sources */,
				9F5C0B2A1FC7665A001432BE /* AuthService.swift in Sources */,
				9F4494711FC643A000050096 /* LoginVC.swift in Sources */,
				9FFC6ED61FC6174E000BAF25 /* GradientView.swift in Sources */,
				9F34E66E1FC5EBBA00838DC5 /* AppDelegate.swift in Sources */,
				9FFC6ECD1FC60A62000BAF25 /* SWRevealViewController.m in Sources */,
				9F5C0B341FC78C98001432BE /* avatarCell.swift in Sources */,
				9FFC6ED91FC62C91000BAF25 /* Constants.swift in Sources */,
			);
			runOnlyForDeploymentPostprocessing = 0;
		};
/* End PBXSourcesBuildPhase section */

/* Begin PBXVariantGroup section */
		9F34E6711FC5EBBA00838DC5 /* Main.storyboard */ = {
			isa = PBXVariantGroup;
			children = (
				9F34E6721FC5EBBA00838DC5 /* Base */,
			);
			name = Main.storyboard;
			sourceTree = "<group>";
		};
		9F34E6761FC5EBBA00838DC5 /* LaunchScreen.storyboard */ = {
			isa = PBXVariantGroup;
			children = (
				9F34E6771FC5EBBA00838DC5 /* Base */,
			);
			name = LaunchScreen.storyboard;
			sourceTree = "<group>";
		};
/* End PBXVariantGroup section */

/* Begin XCBuildConfiguration section */
		9F34E67A1FC5EBBA00838DC5 /* Debug */ = {
			isa = XCBuildConfiguration;
			buildSettings = {
				ALWAYS_SEARCH_USER_PATHS = NO;
				CLANG_ANALYZER_NONNULL = YES;
				CLANG_ANALYZER_NUMBER_OBJECT_CONVERSION = YES_AGGRESSIVE;
				CLANG_CXX_LANGUAGE_STANDARD = "gnu++14";
				CLANG_CXX_LIBRARY = "libc++";
				CLANG_ENABLE_MODULES = YES;
				CLANG_ENABLE_OBJC_ARC = YES;
				CLANG_WARN_BLOCK_CAPTURE_AUTORELEASING = YES;
				CLANG_WARN_BOOL_CONVERSION = YES;
				CLANG_WARN_COMMA = YES;
				CLANG_WARN_CONSTANT_CONVERSION = YES;
				CLANG_WARN_DIRECT_OBJC_ISA_USAGE = YES_ERROR;
				CLANG_WARN_DOCUMENTATION_COMMENTS = YES;
				CLANG_WARN_EMPTY_BODY = YES;
				CLANG_WARN_ENUM_CONVERSION = YES;
				CLANG_WARN_INFINITE_RECURSION = YES;
				CLANG_WARN_INT_CONVERSION = YES;
				CLANG_WARN_NON_LITERAL_NULL_CONVERSION = YES;
				CLANG_WARN_OBJC_LITERAL_CONVERSION = YES;
				CLANG_WARN_OBJC_ROOT_CLASS = YES_ERROR;
				CLANG_WARN_RANGE_LOOP_ANALYSIS = YES;
				CLANG_WARN_STRICT_PROTOTYPES = YES;
				CLANG_WARN_SUSPICIOUS_MOVE = YES;
				CLANG_WARN_UNGUARDED_AVAILABILITY = YES_AGGRESSIVE;
				CLANG_WARN_UNREACHABLE_CODE = YES;
				CLANG_WARN__DUPLICATE_METHOD_MATCH = YES;
				CODE_SIGN_IDENTITY = "iPhone Developer";
				COPY_PHASE_STRIP = NO;
				DEBUG_INFORMATION_FORMAT = dwarf;
				ENABLE_STRICT_OBJC_MSGSEND = YES;
				ENABLE_TESTABILITY = YES;
				GCC_C_LANGUAGE_STANDARD = gnu11;
				GCC_DYNAMIC_NO_PIC = NO;
				GCC_NO_COMMON_BLOCKS = YES;
				GCC_OPTIMIZATION_LEVEL = 0;
				GCC_PREPROCESSOR_DEFINITIONS = (
					"DEBUG=1",
					"$(inherited)",
				);
				GCC_WARN_64_TO_32_BIT_CONVERSION = YES;
				GCC_WARN_ABOUT_RETURN_TYPE = YES_ERROR;
				GCC_WARN_UNDECLARED_SELECTOR = YES;
				GCC_WARN_UNINITIALIZED_AUTOS = YES_AGGRESSIVE;
				GCC_WARN_UNUSED_FUNCTION = YES;
				GCC_WARN_UNUSED_VARIABLE = YES;
				IPHONEOS_DEPLOYMENT_TARGET = 11.1;
				MTL_ENABLE_DEBUG_INFO = YES;
				ONLY_ACTIVE_ARCH = YES;
				SDKROOT = iphoneos;
				SWIFT_ACTIVE_COMPILATION_CONDITIONS = DEBUG;
				SWIFT_OPTIMIZATION_LEVEL = "-Onone";
			};
			name = Debug;
		};
		9F34E67B1FC5EBBA00838DC5 /* Release */ = {
			isa = XCBuildConfiguration;
			buildSettings = {
				ALWAYS_SEARCH_USER_PATHS = NO;
				CLANG_ANALYZER_NONNULL = YES;
				CLANG_ANALYZER_NUMBER_OBJECT_CONVERSION = YES_AGGRESSIVE;
				CLANG_CXX_LANGUAGE_STANDARD = "gnu++14";
				CLANG_CXX_LIBRARY = "libc++";
				CLANG_ENABLE_MODULES = YES;
				CLANG_ENABLE_OBJC_ARC = YES;
				CLANG_WARN_BLOCK_CAPTURE_AUTORELEASING = YES;
				CLANG_WARN_BOOL_CONVERSION = YES;
				CLANG_WARN_COMMA = YES;
				CLANG_WARN_CONSTANT_CONVERSION = YES;
				CLANG_WARN_DIRECT_OBJC_ISA_USAGE = YES_ERROR;
				CLANG_WARN_DOCUMENTATION_COMMENTS = YES;
				CLANG_WARN_EMPTY_BODY = YES;
				CLANG_WARN_ENUM_CONVERSION = YES;
				CLANG_WARN_INFINITE_RECURSION = YES;
				CLANG_WARN_INT_CONVERSION = YES;
				CLANG_WARN_NON_LITERAL_NULL_CONVERSION = YES;
				CLANG_WARN_OBJC_LITERAL_CONVERSION = YES;
				CLANG_WARN_OBJC_ROOT_CLASS = YES_ERROR;
				CLANG_WARN_RANGE_LOOP_ANALYSIS = YES;
				CLANG_WARN_STRICT_PROTOTYPES = YES;
				CLANG_WARN_SUSPICIOUS_MOVE = YES;
				CLANG_WARN_UNGUARDED_AVAILABILITY = YES_AGGRESSIVE;
				CLANG_WARN_UNREACHABLE_CODE = YES;
				CLANG_WARN__DUPLICATE_METHOD_MATCH = YES;
				CODE_SIGN_IDENTITY = "iPhone Developer";
				COPY_PHASE_STRIP = NO;
				DEBUG_INFORMATION_FORMAT = "dwarf-with-dsym";
				ENABLE_NS_ASSERTIONS = NO;
				ENABLE_STRICT_OBJC_MSGSEND = YES;
				GCC_C_LANGUAGE_STANDARD = gnu11;
				GCC_NO_COMMON_BLOCKS = YES;
				GCC_WARN_64_TO_32_BIT_CONVERSION = YES;
				GCC_WARN_ABOUT_RETURN_TYPE = YES_ERROR;
				GCC_WARN_UNDECLARED_SELECTOR = YES;
				GCC_WARN_UNINITIALIZED_AUTOS = YES_AGGRESSIVE;
				GCC_WARN_UNUSED_FUNCTION = YES;
				GCC_WARN_UNUSED_VARIABLE = YES;
				IPHONEOS_DEPLOYMENT_TARGET = 11.1;
				MTL_ENABLE_DEBUG_INFO = NO;
				SDKROOT = iphoneos;
				SWIFT_OPTIMIZATION_LEVEL = "-Owholemodule";
				VALIDATE_PRODUCT = YES;
			};
			name = Release;
		};
		9F34E67D1FC5EBBA00838DC5 /* Debug */ = {
			isa = XCBuildConfiguration;
			baseConfigurationReference = B69F79F4D100E4B79298265C /* Pods-Smack.debug.xcconfig */;
			buildSettings = {
				ASSETCATALOG_COMPILER_APPICON_NAME = AppIcon;
				CLANG_ENABLE_MODULES = YES;
				CODE_SIGN_STYLE = Automatic;
				DEVELOPMENT_TEAM = P6P668T7A5;
				INFOPLIST_FILE = Smack/Info.plist;
				LD_RUNPATH_SEARCH_PATHS = "$(inherited) @executable_path/Frameworks";
				PRODUCT_BUNDLE_IDENTIFIER = com.microbob.Smack;
				PRODUCT_NAME = "$(TARGET_NAME)";
				SWIFT_OBJC_BRIDGING_HEADER = "Smack/Supporting Files/Smack-Bridging-Header.h";
				SWIFT_OPTIMIZATION_LEVEL = "-Onone";
				SWIFT_VERSION = 4.0;
				TARGETED_DEVICE_FAMILY = "1,2";
			};
			name = Debug;
		};
		9F34E67E1FC5EBBA00838DC5 /* Release */ = {
			isa = XCBuildConfiguration;
			baseConfigurationReference = C9299C61C03C20BE1A3F3124 /* Pods-Smack.release.xcconfig */;
			buildSettings = {
				ASSETCATALOG_COMPILER_APPICON_NAME = AppIcon;
				CLANG_ENABLE_MODULES = YES;
				CODE_SIGN_STYLE = Automatic;
				DEVELOPMENT_TEAM = P6P668T7A5;
				INFOPLIST_FILE = Smack/Info.plist;
				LD_RUNPATH_SEARCH_PATHS = "$(inherited) @executable_path/Frameworks";
				PRODUCT_BUNDLE_IDENTIFIER = com.microbob.Smack;
				PRODUCT_NAME = "$(TARGET_NAME)";
				SWIFT_OBJC_BRIDGING_HEADER = "Smack/Supporting Files/Smack-Bridging-Header.h";
				SWIFT_VERSION = 4.0;
				TARGETED_DEVICE_FAMILY = "1,2";
			};
			name = Release;
		};
/* End XCBuildConfiguration section */

/* Begin XCConfigurationList section */
		9F34E6651FC5EBBA00838DC5 /* Build configuration list for PBXProject "Smack" */ = {
			isa = XCConfigurationList;
			buildConfigurations = (
				9F34E67A1FC5EBBA00838DC5 /* Debug */,
				9F34E67B1FC5EBBA00838DC5 /* Release */,
			);
			defaultConfigurationIsVisible = 0;
			defaultConfigurationName = Release;
		};
		9F34E67C1FC5EBBA00838DC5 /* Build configuration list for PBXNativeTarget "Smack" */ = {
			isa = XCConfigurationList;
			buildConfigurations = (
				9F34E67D1FC5EBBA00838DC5 /* Debug */,
				9F34E67E1FC5EBBA00838DC5 /* Release */,
			);
			defaultConfigurationIsVisible = 0;
			defaultConfigurationName = Release;
		};
/* End XCConfigurationList section */
	};
	rootObject = 9F34E6621FC5EBBA00838DC5 /* Project object */;
}
